
Microsoft Visual Studio Solution File, Format Version 12.00
# Visual Studio Version 16
VisualStudioVersion = 16.0.30128.74
MinimumVisualStudioVersion = 10.0.40219.1
Project("{9A19103F-16F7-4668-BE54-9A1E7A4F7556}") = "mvc_test", "mvc_test\mvc_test.csproj", "{C812AA04-48CD-4C2D-A4EC-D9B37EEB95CC}"
EndProject
Project("{FAE04EC0-301F-11D3-BF4B-00C04F79EFBC}") = "Test.UnitTest", "Test.UnitTest\Test.UnitTest.csproj", "{08E3B94E-569B-4225-9D26-D45CDC182B33}"
EndProject
Global
	GlobalSection(SolutionConfigurationPlatforms) = preSolution
		Debug|Any CPU = Debug|Any CPU
		Release|Any CPU = Release|Any CPU
	EndGlobalSection
	GlobalSection(ProjectConfigurationPlatforms) = postSolution
		{C812AA04-48CD-4C2D-A4EC-D9B37EEB95CC}.Debug|Any CPU.ActiveCfg = Debug|Any CPU
		{C812AA04-48CD-4C2D-A4EC-D9B37EEB95CC}.Debug|Any CPU.Build.0 = Debug|Any CPU
		{C812AA04-48CD-4C2D-A4EC-D9B37EEB95CC}.Release|Any CPU.ActiveCfg = Release|Any CPU
		{C812AA04-48CD-4C2D-A4EC-D9B37EEB95CC}.Release|Any CPU.Build.0 = Release|Any CPU
		{08E3B94E-569B-4225-9D26-D45CDC182B33}.Debug|Any CPU.ActiveCfg = Debug|Any CPU
		{08E3B94E-569B-4225-9D26-D45CDC182B33}.Debug|Any CPU.Build.0 = Debug|Any CPU
		{08E3B94E-569B-4225-9D26-D45CDC182B33}.Release|Any CPU.ActiveCfg = Release|Any CPU
		{08E3B94E-569B-4225-9D26-D45CDC182B33}.Release|Any CPU.Build.0 = Release|Any CPU
	EndGlobalSection
	GlobalSection(SolutionProperties) = preSolution
		HideSolutionNode = FALSE
	EndGlobalSection
	GlobalSection(ExtensibilityGlobals) = postSolution
		SolutionGuid = {7F0111D1-73EB-478F-8A85-3729504E4C9C}
	EndGlobalSection
EndGlobal
